
Microsoft Visual Studio Solution File, Format Version 12.00
# Visual Studio 15
VisualStudioVersion = 15.0.27428.2037
MinimumVisualStudioVersion = 10.0.40219.1
Project("{FAE04EC0-301F-11D3-BF4B-00C04F79EFBC}") = "2DHeatMap_WPF_SB", "2DHeatMap_WPF_SB\2DHeatMap_WPF_SB.csproj", "{AADADE8E-9602-493C-A97D-15CB1651AF83}"
EndProject
Global
	GlobalSection(SolutionConfigurationPlatforms) = preSolution
		Debug|Any CPU = Debug|Any CPU
		Release|Any CPU = Release|Any CPU
	EndGlobalSection
	GlobalSection(ProjectConfigurationPlatforms) = postSolution
		{AADADE8E-9602-493C-A97D-15CB1651AF83}.Debug|Any CPU.ActiveCfg = Debug|Any CPU
		{AADADE8E-9602-493C-A97D-15CB1651AF83}.Debug|Any CPU.Build.0 = Debug|Any CPU
		{AADADE8E-9602-493C-A97D-15CB1651AF83}.Release|Any CPU.ActiveCfg = Release|Any CPU
		{AADADE8E-9602-493C-A97D-15CB1651AF83}.Release|Any CPU.Build.0 = Release|Any CPU
	EndGlobalSection
	GlobalSection(SolutionProperties) = preSolution
		HideSolutionNode = FALSE
	EndGlobalSection
	GlobalSection(ExtensibilityGlobals) = postSolution
		SolutionGuid = {98EE17B0-CD3C-44F2-8511-2231F1B94303}
	EndGlobalSection
EndGlobal
